
Microsoft Visual Studio Solution File, Format Version 12.00
# Visual Studio Version 17
VisualStudioVersion = 17.14.36414.22 d17.14
MinimumVisualStudioVersion = 10.0.40219.1
Project("{FAE04EC0-301F-11D3-BF4B-00C04F79EFBC}") = "SistemaReciclaje", "SistemaReciclaje\SistemaReciclaje.csproj", "{8A5643D2-087D-43D2-9810-D7D5B18C679F}"
EndProject
Global
	GlobalSection(SolutionConfigurationPlatforms) = preSolution
		Debug|Any CPU = Debug|Any CPU
		Release|Any CPU = Release|Any CPU
	EndGlobalSection
	GlobalSection(ProjectConfigurationPlatforms) = postSolution
		{8A5643D2-087D-43D2-9810-D7D5B18C679F}.Debug|Any CPU.ActiveCfg = Debug|Any CPU
		{8A5643D2-087D-43D2-9810-D7D5B18C679F}.Debug|Any CPU.Build.0 = Debug|Any CPU
		{8A5643D2-087D-43D2-9810-D7D5B18C679F}.Release|Any CPU.ActiveCfg = Release|Any CPU
		{8A5643D2-087D-43D2-9810-D7D5B18C679F}.Release|Any CPU.Build.0 = Release|Any CPU
	EndGlobalSection
	GlobalSection(SolutionProperties) = preSolution
		HideSolutionNode = FALSE
	EndGlobalSection
	GlobalSection(ExtensibilityGlobals) = postSolution
		SolutionGuid = {48330DDB-6B7C-4F75-89A1-07348E0DD24D}
	EndGlobalSection
EndGlobal
